// !$*UTF8*$!
{
	archiveVersion = 1;
	classes = {
	};
	objectVersion = 56;
	objects = {

/* Begin PBXBuildFile section */
		3B018DEA2BDA714B00A21680 /* WatchlistViewController.swift in Sources */ = {isa = PBXBuildFile; fileRef = 3B018DE92BDA714B00A21680 /* WatchlistViewController.swift */; };
		3B018DEC2BDA719700A21680 /* WatchlistCollectionViewCell.swift in Sources */ = {isa = PBXBuildFile; fileRef = 3B018DEB2BDA719700A21680 /* WatchlistCollectionViewCell.swift */; };
		3B1A4B122BBD74E6004F6AD4 /* ListOfFavouritesMovies.swift in Sources */ = {isa = PBXBuildFile; fileRef = 3B1A4B112BBD74E6004F6AD4 /* ListOfFavouritesMovies.swift */; };
		3B2264F62B2867D900103FD3 /* DetailGenresTableViewCell.swift in Sources */ = {isa = PBXBuildFile; fileRef = 3B2264F52B2867D900103FD3 /* DetailGenresTableViewCell.swift */; };
		3B27581B2A66A8080014130A /* GenresCollectionViewCell.swift in Sources */ = {isa = PBXBuildFile; fileRef = 3B27581A2A66A8080014130A /* GenresCollectionViewCell.swift */; };
		3B27581D2A67D7C40014130A /* MoreViewController.swift in Sources */ = {isa = PBXBuildFile; fileRef = 3B27581C2A67D7C40014130A /* MoreViewController.swift */; };
		3B27581F2A67D7F50014130A /* MoreCollectionViewCell.swift in Sources */ = {isa = PBXBuildFile; fileRef = 3B27581E2A67D7F50014130A /* MoreCollectionViewCell.swift */; };
		3B29CBF42A330A9400466E72 /* TopRatedCollectionViewCell.swift in Sources */ = {isa = PBXBuildFile; fileRef = 3B29CBF32A330A9400466E72 /* TopRatedCollectionViewCell.swift */; };
		3B29CBF72A330C4C00466E72 /* TopRatedMoviesJSON.swift in Sources */ = {isa = PBXBuildFile; fileRef = 3B29CBF62A330C4C00466E72 /* TopRatedMoviesJSON.swift */; };
		3B29CBFA2A33245500466E72 /* UpcomingMoviesCollectionViewCell.swift in Sources */ = {isa = PBXBuildFile; fileRef = 3B29CBF92A33245500466E72 /* UpcomingMoviesCollectionViewCell.swift */; };
		3B29CBFC2A3324FB00466E72 /* UpcomingMoviesJSON.swift in Sources */ = {isa = PBXBuildFile; fileRef = 3B29CBFB2A3324FB00466E72 /* UpcomingMoviesJSON.swift */; };
		3B481A5D2B1DDEF100C1A4B2 /* Kingfisher in Frameworks */ = {isa = PBXBuildFile; productRef = 3B481A5C2B1DDEF100C1A4B2 /* Kingfisher */; };
		3B66D71F2A002F02008EEA8A /* FavoritesViewController.swift in Sources */ = {isa = PBXBuildFile; fileRef = 3B66D71E2A002F02008EEA8A /* FavoritesViewController.swift */; };
		3B66D7212A002F4A008EEA8A /* AccountInfoViewController.swift in Sources */ = {isa = PBXBuildFile; fileRef = 3B66D7202A002F4A008EEA8A /* AccountInfoViewController.swift */; };
		3B66FECD29FAD14000D26C76 /* AppDelegate.swift in Sources */ = {isa = PBXBuildFile; fileRef = 3B66FECC29FAD14000D26C76 /* AppDelegate.swift */; };
		3B66FECF29FAD14000D26C76 /* SceneDelegate.swift in Sources */ = {isa = PBXBuildFile; fileRef = 3B66FECE29FAD14000D26C76 /* SceneDelegate.swift */; };
		3B66FED129FAD14000D26C76 /* WKWebViewController.swift in Sources */ = {isa = PBXBuildFile; fileRef = 3B66FED029FAD14000D26C76 /* WKWebViewController.swift */; };
		3B66FED429FAD14000D26C76 /* Main.storyboard in Resources */ = {isa = PBXBuildFile; fileRef = 3B66FED229FAD14000D26C76 /* Main.storyboard */; };
		3B66FED629FAD14300D26C76 /* Assets.xcassets in Resources */ = {isa = PBXBuildFile; fileRef = 3B66FED529FAD14300D26C76 /* Assets.xcassets */; };
		3B66FED929FAD14300D26C76 /* LaunchScreen.storyboard in Resources */ = {isa = PBXBuildFile; fileRef = 3B66FED729FAD14300D26C76 /* LaunchScreen.storyboard */; };
		3B66FEE129FAD1E300D26C76 /* NetworkManager.swift in Sources */ = {isa = PBXBuildFile; fileRef = 3B66FEE029FAD1E300D26C76 /* NetworkManager.swift */; };
		3B66FEE429FAD27D00D26C76 /* GenresViewController.swift in Sources */ = {isa = PBXBuildFile; fileRef = 3B66FEE329FAD27D00D26C76 /* GenresViewController.swift */; };
		3B66FEE629FAD28C00D26C76 /* SearchViewController.swift in Sources */ = {isa = PBXBuildFile; fileRef = 3B66FEE529FAD28C00D26C76 /* SearchViewController.swift */; };
		3B66FEE929FAD35300D26C76 /* Alamofire in Frameworks */ = {isa = PBXBuildFile; productRef = 3B66FEE829FAD35300D26C76 /* Alamofire */; };
		3B66FEEC29FAD3D200D26C76 /* RequestTokenResponse.swift in Sources */ = {isa = PBXBuildFile; fileRef = 3B66FEEB29FAD3D200D26C76 /* RequestTokenResponse.swift */; };
		3B66FEEF29FE75D300D26C76 /* Response.swift in Sources */ = {isa = PBXBuildFile; fileRef = 3B66FEEE29FE75D300D26C76 /* Response.swift */; };
		3B74BE012A051E0600D6561A /* AccountInfo.swift in Sources */ = {isa = PBXBuildFile; fileRef = 3B74BE002A051E0500D6561A /* AccountInfo.swift */; };
		3B74BE032A06F8D800D6561A /* ActivityController .swift in Sources */ = {isa = PBXBuildFile; fileRef = 3B74BE022A06F8D700D6561A /* ActivityController .swift */; };
		3B77ABFC2B0E232400357FDF /* CastCollectionViewCell.swift in Sources */ = {isa = PBXBuildFile; fileRef = 3B77ABFB2B0E232400357FDF /* CastCollectionViewCell.swift */; };
		3B77BEDB2A10CC12001F4E9F /* MoviesCollectionViewCell.swift in Sources */ = {isa = PBXBuildFile; fileRef = 3B77BEDA2A10CC12001F4E9F /* MoviesCollectionViewCell.swift */; };
		3B7E8C2E2A0F67BB008396D8 /* FavouritesJSON.swift in Sources */ = {isa = PBXBuildFile; fileRef = 3B7E8C2D2A0F67BB008396D8 /* FavouritesJSON.swift */; };
		3B806F142AE5A3C4005A6CE8 /* AlamofireImage in Frameworks */ = {isa = PBXBuildFile; productRef = 3B806F132AE5A3C4005A6CE8 /* AlamofireImage */; };
		3B87BA6C2A9B789D0040A580 /* AVPStruct.swift in Sources */ = {isa = PBXBuildFile; fileRef = 3B87BA6B2A9B789D0040A580 /* AVPStruct.swift */; };
		3B940D122BCBE8DD0080AFB1 /* FoundMoviesCollectionViewController.swift in Sources */ = {isa = PBXBuildFile; fileRef = 3B940D112BCBE8DD0080AFB1 /* FoundMoviesCollectionViewController.swift */; };
		3B940D162BCD78870080AFB1 /* FoundMoviesJSON.swift in Sources */ = {isa = PBXBuildFile; fileRef = 3B940D152BCD78870080AFB1 /* FoundMoviesJSON.swift */; };
		3B940D182BCDA3080080AFB1 /* FoundMovieCollectionViewCell.swift in Sources */ = {isa = PBXBuildFile; fileRef = 3B940D172BCDA3080080AFB1 /* FoundMovieCollectionViewCell.swift */; };
		3BAD454A2BE25CAB0065B0E6 /* WatchlistData.swift in Sources */ = {isa = PBXBuildFile; fileRef = 3BAD45492BE25CAB0065B0E6 /* WatchlistData.swift */; };
		3BB31E4D2A59AD6F0071D4EF /* imageLoader.swift in Sources */ = {isa = PBXBuildFile; fileRef = 3BB31E4C2A59AD6E0071D4EF /* imageLoader.swift */; };
		3BB4DDA72A3106F9003FACA5 /* UIImageManager.swift in Sources */ = {isa = PBXBuildFile; fileRef = 3BB4DDA62A3106F9003FACA5 /* UIImageManager.swift */; };
		3BB818A42AD84DEF006C689E /* RateViewController.swift in Sources */ = {isa = PBXBuildFile; fileRef = 3BB818A32AD84DEF006C689E /* RateViewController.swift */; };
		3BCD569D2A27D10100495460 /* TrendingMoviesJSON.swift in Sources */ = {isa = PBXBuildFile; fileRef = 3BCD569C2A27D10100495460 /* TrendingMoviesJSON.swift */; };
		3BCD569F2A28C2B300495460 /* DetailGenresViewController.swift in Sources */ = {isa = PBXBuildFile; fileRef = 3BCD569E2A28C2B300495460 /* DetailGenresViewController.swift */; };
		3BCD56A12A28C54500495460 /* TrendingMoviesCollectionViewCell.swift in Sources */ = {isa = PBXBuildFile; fileRef = 3BCD56A02A28C54500495460 /* TrendingMoviesCollectionViewCell.swift */; };
		3BD24C832B5165B300E438C2 /* WatchlistMoviesJSON.swift in Sources */ = {isa = PBXBuildFile; fileRef = 3BD24C822B5165B300E438C2 /* WatchlistMoviesJSON.swift */; };
		3BDE9D982A797C1A00E102C0 /* GenresMoviesResponse.swift in Sources */ = {isa = PBXBuildFile; fileRef = 3BDE9D972A797C1A00E102C0 /* GenresMoviesResponse.swift */; };
		3BE328152B0F5F620054BB14 /* CastsJson.swift in Sources */ = {isa = PBXBuildFile; fileRef = 3BE328142B0F5F620054BB14 /* CastsJson.swift */; };
		3BE93E322A81FA8500DD9939 /* ListOfGenresViewController.swift in Sources */ = {isa = PBXBuildFile; fileRef = 3BE93E312A81FA8500DD9939 /* ListOfGenresViewController.swift */; };
		3BE93E342A81FAA400DD9939 /* GenresTableViewCell.swift in Sources */ = {isa = PBXBuildFile; fileRef = 3BE93E332A81FAA400DD9939 /* GenresTableViewCell.swift */; };
		3BEFEEA42B23744F00E707E8 /* SelectedRegion.swift in Sources */ = {isa = PBXBuildFile; fileRef = 3BEFEEA02B23744F00E707E8 /* SelectedRegion.swift */; };
		A560C7E42A1F86EE00B91411 /* Constants.swift in Sources */ = {isa = PBXBuildFile; fileRef = A560C7E32A1F86EE00B91411 /* Constants.swift */; };
		A560C83B2A30B69200B91411 /* AlamofireImage in Frameworks */ = {isa = PBXBuildFile; productRef = A560C83A2A30B69200B91411 /* AlamofireImage */; };
		A560C83D2A30B8C100B91411 /* ImageManager.swift in Sources */ = {isa = PBXBuildFile; fileRef = A560C83C2A30B8C100B91411 /* ImageManager.swift */; };
/* End PBXBuildFile section */

/* Begin PBXFileReference section */
		3B018DE92BDA714B00A21680 /* WatchlistViewController.swift */ = {isa = PBXFileReference; lastKnownFileType = sourcecode.swift; path = WatchlistViewController.swift; sourceTree = "<group>"; };
		3B018DEB2BDA719700A21680 /* WatchlistCollectionViewCell.swift */ = {isa = PBXFileReference; lastKnownFileType = sourcecode.swift; path = WatchlistCollectionViewCell.swift; sourceTree = "<group>"; };
		3B1A4B112BBD74E6004F6AD4 /* ListOfFavouritesMovies.swift */ = {isa = PBXFileReference; lastKnownFileType = sourcecode.swift; path = ListOfFavouritesMovies.swift; sourceTree = "<group>"; };
		3B2264F52B2867D900103FD3 /* DetailGenresTableViewCell.swift */ = {isa = PBXFileReference; lastKnownFileType = sourcecode.swift; path = DetailGenresTableViewCell.swift; sourceTree = "<group>"; };
		3B27581A2A66A8080014130A /* GenresCollectionViewCell.swift */ = {isa = PBXFileReference; lastKnownFileType = sourcecode.swift; path = GenresCollectionViewCell.swift; sourceTree = "<group>"; };
		3B27581C2A67D7C40014130A /* MoreViewController.swift */ = {isa = PBXFileReference; lastKnownFileType = sourcecode.swift; path = MoreViewController.swift; sourceTree = "<group>"; };
		3B27581E2A67D7F50014130A /* MoreCollectionViewCell.swift */ = {isa = PBXFileReference; lastKnownFileType = sourcecode.swift; path = MoreCollectionViewCell.swift; sourceTree = "<group>"; };
		3B29CBF32A330A9400466E72 /* TopRatedCollectionViewCell.swift */ = {isa = PBXFileReference; lastKnownFileType = sourcecode.swift; path = TopRatedCollectionViewCell.swift; sourceTree = "<group>"; };
		3B29CBF62A330C4C00466E72 /* TopRatedMoviesJSON.swift */ = {isa = PBXFileReference; lastKnownFileType = sourcecode.swift; path = TopRatedMoviesJSON.swift; sourceTree = "<group>"; };
		3B29CBF92A33245500466E72 /* UpcomingMoviesCollectionViewCell.swift */ = {isa = PBXFileReference; lastKnownFileType = sourcecode.swift; path = UpcomingMoviesCollectionViewCell.swift; sourceTree = "<group>"; };
		3B29CBFB2A3324FB00466E72 /* UpcomingMoviesJSON.swift */ = {isa = PBXFileReference; lastKnownFileType = sourcecode.swift; path = UpcomingMoviesJSON.swift; sourceTree = "<group>"; };
		3B66D71E2A002F02008EEA8A /* FavoritesViewController.swift */ = {isa = PBXFileReference; lastKnownFileType = sourcecode.swift; path = FavoritesViewController.swift; sourceTree = "<group>"; };
		3B66D7202A002F4A008EEA8A /* AccountInfoViewController.swift */ = {isa = PBXFileReference; lastKnownFileType = sourcecode.swift; path = AccountInfoViewController.swift; sourceTree = "<group>"; };
		3B66FEC929FAD14000D26C76 /* TMDB App.app */ = {isa = PBXFileReference; explicitFileType = wrapper.application; includeInIndex = 0; path = "TMDB App.app"; sourceTree = BUILT_PRODUCTS_DIR; };
		3B66FECC29FAD14000D26C76 /* AppDelegate.swift */ = {isa = PBXFileReference; lastKnownFileType = sourcecode.swift; path = AppDelegate.swift; sourceTree = "<group>"; };
		3B66FECE29FAD14000D26C76 /* SceneDelegate.swift */ = {isa = PBXFileReference; lastKnownFileType = sourcecode.swift; path = SceneDelegate.swift; sourceTree = "<group>"; };
		3B66FED029FAD14000D26C76 /* WKWebViewController.swift */ = {isa = PBXFileReference; lastKnownFileType = sourcecode.swift; path = WKWebViewController.swift; sourceTree = "<group>"; };
		3B66FED329FAD14000D26C76 /* Base */ = {isa = PBXFileReference; lastKnownFileType = file.storyboard; name = Base; path = Base.lproj/Main.storyboard; sourceTree = "<group>"; };
		3B66FED529FAD14300D26C76 /* Assets.xcassets */ = {isa = PBXFileReference; lastKnownFileType = folder.assetcatalog; path = Assets.xcassets; sourceTree = "<group>"; };
		3B66FED829FAD14300D26C76 /* Base */ = {isa = PBXFileReference; lastKnownFileType = file.storyboard; name = Base; path = Base.lproj/LaunchScreen.storyboard; sourceTree = "<group>"; };
		3B66FEDA29FAD14300D26C76 /* Info.plist */ = {isa = PBXFileReference; lastKnownFileType = text.plist.xml; path = Info.plist; sourceTree = "<group>"; };
		3B66FEE029FAD1E300D26C76 /* NetworkManager.swift */ = {isa = PBXFileReference; lastKnownFileType = sourcecode.swift; path = NetworkManager.swift; sourceTree = "<group>"; };
		3B66FEE329FAD27D00D26C76 /* GenresViewController.swift */ = {isa = PBXFileReference; lastKnownFileType = sourcecode.swift; path = GenresViewController.swift; sourceTree = "<group>"; };
		3B66FEE529FAD28C00D26C76 /* SearchViewController.swift */ = {isa = PBXFileReference; lastKnownFileType = sourcecode.swift; path = SearchViewController.swift; sourceTree = "<group>"; };
		3B66FEEB29FAD3D200D26C76 /* RequestTokenResponse.swift */ = {isa = PBXFileReference; lastKnownFileType = sourcecode.swift; path = RequestTokenResponse.swift; sourceTree = "<group>"; };
		3B66FEEE29FE75D300D26C76 /* Response.swift */ = {isa = PBXFileReference; lastKnownFileType = sourcecode.swift; path = Response.swift; sourceTree = "<group>"; };
		3B74BE002A051E0500D6561A /* AccountInfo.swift */ = {isa = PBXFileReference; lastKnownFileType = sourcecode.swift; path = AccountInfo.swift; sourceTree = "<group>"; };
		3B74BE022A06F8D700D6561A /* ActivityController .swift */ = {isa = PBXFileReference; lastKnownFileType = sourcecode.swift; path = "ActivityController .swift"; sourceTree = "<group>"; };
		3B77ABFB2B0E232400357FDF /* CastCollectionViewCell.swift */ = {isa = PBXFileReference; lastKnownFileType = sourcecode.swift; path = CastCollectionViewCell.swift; sourceTree = "<group>"; };
		3B77BEDA2A10CC12001F4E9F /* MoviesCollectionViewCell.swift */ = {isa = PBXFileReference; lastKnownFileType = sourcecode.swift; path = MoviesCollectionViewCell.swift; sourceTree = "<group>"; };
		3B7E8C2D2A0F67BB008396D8 /* FavouritesJSON.swift */ = {isa = PBXFileReference; lastKnownFileType = sourcecode.swift; path = FavouritesJSON.swift; sourceTree = "<group>"; };
		3B87BA6B2A9B789D0040A580 /* AVPStruct.swift */ = {isa = PBXFileReference; lastKnownFileType = sourcecode.swift; path = AVPStruct.swift; sourceTree = "<group>"; };
		3B940D112BCBE8DD0080AFB1 /* FoundMoviesCollectionViewController.swift */ = {isa = PBXFileReference; lastKnownFileType = sourcecode.swift; path = FoundMoviesCollectionViewController.swift; sourceTree = "<group>"; };
		3B940D152BCD78870080AFB1 /* FoundMoviesJSON.swift */ = {isa = PBXFileReference; lastKnownFileType = sourcecode.swift; path = FoundMoviesJSON.swift; sourceTree = "<group>"; };
		3B940D172BCDA3080080AFB1 /* FoundMovieCollectionViewCell.swift */ = {isa = PBXFileReference; lastKnownFileType = sourcecode.swift; path = FoundMovieCollectionViewCell.swift; sourceTree = "<group>"; };
		3BAD45492BE25CAB0065B0E6 /* WatchlistData.swift */ = {isa = PBXFileReference; lastKnownFileType = sourcecode.swift; path = WatchlistData.swift; sourceTree = "<group>"; };
		3BB31E4C2A59AD6E0071D4EF /* imageLoader.swift */ = {isa = PBXFileReference; lastKnownFileType = sourcecode.swift; path = imageLoader.swift; sourceTree = "<group>"; };
		3BB4DDA62A3106F9003FACA5 /* UIImageManager.swift */ = {isa = PBXFileReference; lastKnownFileType = sourcecode.swift; path = UIImageManager.swift; sourceTree = "<group>"; };
		3BB818A32AD84DEF006C689E /* RateViewController.swift */ = {isa = PBXFileReference; lastKnownFileType = sourcecode.swift; path = RateViewController.swift; sourceTree = "<group>"; };
		3BCD569C2A27D10100495460 /* TrendingMoviesJSON.swift */ = {isa = PBXFileReference; lastKnownFileType = sourcecode.swift; path = TrendingMoviesJSON.swift; sourceTree = "<group>"; };
		3BCD569E2A28C2B300495460 /* DetailGenresViewController.swift */ = {isa = PBXFileReference; lastKnownFileType = sourcecode.swift; path = DetailGenresViewController.swift; sourceTree = "<group>"; };
		3BCD56A02A28C54500495460 /* TrendingMoviesCollectionViewCell.swift */ = {isa = PBXFileReference; lastKnownFileType = sourcecode.swift; path = TrendingMoviesCollectionViewCell.swift; sourceTree = "<group>"; };
		3BD24C822B5165B300E438C2 /* WatchlistMoviesJSON.swift */ = {isa = PBXFileReference; lastKnownFileType = sourcecode.swift; path = WatchlistMoviesJSON.swift; sourceTree = "<group>"; };
		3BDE9D972A797C1A00E102C0 /* GenresMoviesResponse.swift */ = {isa = PBXFileReference; lastKnownFileType = sourcecode.swift; path = GenresMoviesResponse.swift; sourceTree = "<group>"; };
		3BE328142B0F5F620054BB14 /* CastsJson.swift */ = {isa = PBXFileReference; lastKnownFileType = sourcecode.swift; path = CastsJson.swift; sourceTree = "<group>"; };
		3BE93E312A81FA8500DD9939 /* ListOfGenresViewController.swift */ = {isa = PBXFileReference; lastKnownFileType = sourcecode.swift; path = ListOfGenresViewController.swift; sourceTree = "<group>"; };
		3BE93E332A81FAA400DD9939 /* GenresTableViewCell.swift */ = {isa = PBXFileReference; lastKnownFileType = sourcecode.swift; path = GenresTableViewCell.swift; sourceTree = "<group>"; };
		3BEFEEA02B23744F00E707E8 /* SelectedRegion.swift */ = {isa = PBXFileReference; lastKnownFileType = sourcecode.swift; path = SelectedRegion.swift; sourceTree = "<group>"; };
		A560C7E32A1F86EE00B91411 /* Constants.swift */ = {isa = PBXFileReference; lastKnownFileType = sourcecode.swift; path = Constants.swift; sourceTree = "<group>"; };
		A560C83C2A30B8C100B91411 /* ImageManager.swift */ = {isa = PBXFileReference; lastKnownFileType = sourcecode.swift; path = ImageManager.swift; sourceTree = "<group>"; };
/* End PBXFileReference section */

/* Begin PBXFrameworksBuildPhase section */
		3B66FEC629FAD14000D26C76 /* Frameworks */ = {
			isa = PBXFrameworksBuildPhase;
			buildActionMask = 2147483647;
			files = (
				3B481A5D2B1DDEF100C1A4B2 /* Kingfisher in Frameworks */,
				3B66FEE929FAD35300D26C76 /* Alamofire in Frameworks */,
				A560C83B2A30B69200B91411 /* AlamofireImage in Frameworks */,
				3B806F142AE5A3C4005A6CE8 /* AlamofireImage in Frameworks */,
			);
			runOnlyForDeploymentPostprocessing = 0;
		};
/* End PBXFrameworksBuildPhase section */

/* Begin PBXGroup section */
		3B018DE82BDA70FE00A21680 /* Watchlist */ = {
			isa = PBXGroup;
			children = (
				3B018DE92BDA714B00A21680 /* WatchlistViewController.swift */,
				3BAD45492BE25CAB0065B0E6 /* WatchlistData.swift */,
				3B018DEB2BDA719700A21680 /* WatchlistCollectionViewCell.swift */,
			);
			path = Watchlist;
			sourceTree = "<group>";
		};
		3B2758202A67D80A0014130A /* MoreViewContorller */ = {
			isa = PBXGroup;
			children = (
				3B27581C2A67D7C40014130A /* MoreViewController.swift */,
				3B27581E2A67D7F50014130A /* MoreCollectionViewCell.swift */,
			);
			path = MoreViewContorller;
			sourceTree = "<group>";
		};
		3B29CBF52A330A9B00466E72 /* Cells */ = {
			isa = PBXGroup;
			children = (
				3BCD56A02A28C54500495460 /* TrendingMoviesCollectionViewCell.swift */,
				3B29CBF32A330A9400466E72 /* TopRatedCollectionViewCell.swift */,
				3B29CBF92A33245500466E72 /* UpcomingMoviesCollectionViewCell.swift */,
				3B27581A2A66A8080014130A /* GenresCollectionViewCell.swift */,
			);
			path = Cells;
			sourceTree = "<group>";
		};
		3B29CBF82A330C5900466E72 /* Codable structures */ = {
			isa = PBXGroup;
			children = (
				3BCD569C2A27D10100495460 /* TrendingMoviesJSON.swift */,
				3B29CBF62A330C4C00466E72 /* TopRatedMoviesJSON.swift */,
				3B29CBFB2A3324FB00466E72 /* UpcomingMoviesJSON.swift */,
				3BDE9D972A797C1A00E102C0 /* GenresMoviesResponse.swift */,
				3B87BA6B2A9B789D0040A580 /* AVPStruct.swift */,
				3BD24C822B5165B300E438C2 /* WatchlistMoviesJSON.swift */,
			);
			path = "Codable structures";
			sourceTree = "<group>";
		};
		3B66FEC029FAD14000D26C76 = {
			isa = PBXGroup;
			children = (
				3B66FECB29FAD14000D26C76 /* TMDB App */,
				3B66FECA29FAD14000D26C76 /* Products */,
			);
			sourceTree = "<group>";
		};
		3B66FECA29FAD14000D26C76 /* Products */ = {
			isa = PBXGroup;
			children = (
				3B66FEC929FAD14000D26C76 /* TMDB App.app */,
			);
			name = Products;
			sourceTree = "<group>";
		};
		3B66FECB29FAD14000D26C76 /* TMDB App */ = {
			isa = PBXGroup;
			children = (
				3B66FECC29FAD14000D26C76 /* AppDelegate.swift */,
				3B66FECE29FAD14000D26C76 /* SceneDelegate.swift */,
				A560C7E32A1F86EE00B91411 /* Constants.swift */,
				3B66FED229FAD14000D26C76 /* Main.storyboard */,
				3B66FED529FAD14300D26C76 /* Assets.xcassets */,
				3B66FED729FAD14300D26C76 /* LaunchScreen.storyboard */,
				3B66FEDA29FAD14300D26C76 /* Info.plist */,
				3BB4DDA52A30CF11003FACA5 /* Networking */,
				3B66FEE229FAD20800D26C76 /* WKWebView */,
				3BCD569B2A27D0A200495460 /* GenresViewController */,
				3B66FEEA29FAD36D00D26C76 /* SearchViewController */,
				3B29CBF82A330C5900466E72 /* Codable structures */,
				3B2758202A67D80A0014130A /* MoreViewContorller */,
				3B87BA6A2A9B75050040A580 /* DetailScreen */,
				3BE93E352A81FAAB00DD9939 /* ListOfGenres */,
				3B7E8C272A0C3504008396D8 /* Favourite Movies */,
				3B7E8C282A0C354F008396D8 /* Account Info */,
				3B018DE82BDA70FE00A21680 /* Watchlist */,
				3BEFEEA82B2374B400E707E8 /* Region */,
				3B66FEED29FAD3DC00D26C76 /* JSON */,
				3BBC3A9D2A079F7900FB0111 /* ActivityController */,
				3BB4DDA82A310708003FACA5 /* UIImageManager */,
				3BB31E4E2A59AD750071D4EF /* imageLoader */,
				3BB818A52AD84DF6006C689E /* RateViewController */,
			);
			path = "TMDB App";
			sourceTree = "<group>";
		};
		3B66FEE229FAD20800D26C76 /* WKWebView */ = {
			isa = PBXGroup;
			children = (
				3B66FED029FAD14000D26C76 /* WKWebViewController.swift */,
			);
			path = WKWebView;
			sourceTree = "<group>";
		};
		3B66FEEA29FAD36D00D26C76 /* SearchViewController */ = {
			isa = PBXGroup;
			children = (
				3B66FEE529FAD28C00D26C76 /* SearchViewController.swift */,
				3B940D112BCBE8DD0080AFB1 /* FoundMoviesCollectionViewController.swift */,
				3B940D172BCDA3080080AFB1 /* FoundMovieCollectionViewCell.swift */,
				3B940D152BCD78870080AFB1 /* FoundMoviesJSON.swift */,
			);
			path = SearchViewController;
			sourceTree = "<group>";
		};
		3B66FEED29FAD3DC00D26C76 /* JSON */ = {
			isa = PBXGroup;
			children = (
				3B66FEEB29FAD3D200D26C76 /* RequestTokenResponse.swift */,
				3B66FEEE29FE75D300D26C76 /* Response.swift */,
				3BE328142B0F5F620054BB14 /* CastsJson.swift */,
			);
			path = JSON;
			sourceTree = "<group>";
		};
		3B7E8C272A0C3504008396D8 /* Favourite Movies */ = {
			isa = PBXGroup;
			children = (
				3B66D71E2A002F02008EEA8A /* FavoritesViewController.swift */,
				3B1A4B112BBD74E6004F6AD4 /* ListOfFavouritesMovies.swift */,
				3B7E8C2D2A0F67BB008396D8 /* FavouritesJSON.swift */,
				3B77BEDA2A10CC12001F4E9F /* MoviesCollectionViewCell.swift */,
			);
			path = "Favourite Movies";
			sourceTree = "<group>";
		};
		3B7E8C282A0C354F008396D8 /* Account Info */ = {
			isa = PBXGroup;
			children = (
				3B66D7202A002F4A008EEA8A /* AccountInfoViewController.swift */,
				3B74BE002A051E0500D6561A /* AccountInfo.swift */,
			);
			path = "Account Info";
			sourceTree = "<group>";
		};
		3B87BA6A2A9B75050040A580 /* DetailScreen */ = {
			isa = PBXGroup;
			children = (
				3BCD569E2A28C2B300495460 /* DetailGenresViewController.swift */,
				3B77ABFB2B0E232400357FDF /* CastCollectionViewCell.swift */,
				3B2264F52B2867D900103FD3 /* DetailGenresTableViewCell.swift */,
			);
			path = DetailScreen;
			sourceTree = "<group>";
		};
		3BB31E4E2A59AD750071D4EF /* imageLoader */ = {
			isa = PBXGroup;
			children = (
				3BB31E4C2A59AD6E0071D4EF /* imageLoader.swift */,
			);
			path = imageLoader;
			sourceTree = "<group>";
		};
		3BB4DDA52A30CF11003FACA5 /* Networking */ = {
			isa = PBXGroup;
			children = (
				3B66FEE029FAD1E300D26C76 /* NetworkManager.swift */,
				A560C83C2A30B8C100B91411 /* ImageManager.swift */,
			);
			path = Networking;
			sourceTree = "<group>";
		};
		3BB4DDA82A310708003FACA5 /* UIImageManager */ = {
			isa = PBXGroup;
			children = (
				3BB4DDA62A3106F9003FACA5 /* UIImageManager.swift */,
			);
			name = UIImageManager;
			path = ..;
			sourceTree = "<group>";
		};
		3BB818A52AD84DF6006C689E /* RateViewController */ = {
			isa = PBXGroup;
			children = (
				3BB818A32AD84DEF006C689E /* RateViewController.swift */,
			);
			path = RateViewController;
			sourceTree = "<group>";
		};
		3BBC3A9D2A079F7900FB0111 /* ActivityController */ = {
			isa = PBXGroup;
			children = (
				3B74BE022A06F8D700D6561A /* ActivityController .swift */,
			);
			path = ActivityController;
			sourceTree = "<group>";
		};
		3BCD569B2A27D0A200495460 /* GenresViewController */ = {
			isa = PBXGroup;
			children = (
				3B66FEE329FAD27D00D26C76 /* GenresViewController.swift */,
				3B29CBF52A330A9B00466E72 /* Cells */,
			);
			path = GenresViewController;
			sourceTree = "<group>";
		};
		3BE93E352A81FAAB00DD9939 /* ListOfGenres */ = {
			isa = PBXGroup;
			children = (
				3BE93E312A81FA8500DD9939 /* ListOfGenresViewController.swift */,
				3BE93E332A81FAA400DD9939 /* GenresTableViewCell.swift */,
			);
			path = ListOfGenres;
			sourceTree = "<group>";
		};
		3BEFEEA82B2374B400E707E8 /* Region */ = {
			isa = PBXGroup;
			children = (
				3BEFEEA02B23744F00E707E8 /* SelectedRegion.swift */,
			);
			path = Region;
			sourceTree = "<group>";
		};
/* End PBXGroup section */

/* Begin PBXNativeTarget section */
		3B66FEC829FAD14000D26C76 /* TMDB App */ = {
			isa = PBXNativeTarget;
			buildConfigurationList = 3B66FEDD29FAD14300D26C76 /* Build configuration list for PBXNativeTarget "TMDB App" */;
			buildPhases = (
				3B66FEC529FAD14000D26C76 /* Sources */,
				3B66FEC629FAD14000D26C76 /* Frameworks */,
				3B66FEC729FAD14000D26C76 /* Resources */,
			);
			buildRules = (
			);
			dependencies = (
			);
			name = "TMDB App";
			packageProductDependencies = (
				3B66FEE829FAD35300D26C76 /* Alamofire */,
				A560C83A2A30B69200B91411 /* AlamofireImage */,
				3B806F132AE5A3C4005A6CE8 /* AlamofireImage */,
				3B481A5C2B1DDEF100C1A4B2 /* Kingfisher */,
			);
			productName = "TMDB App";
			productReference = 3B66FEC929FAD14000D26C76 /* TMDB App.app */;
			productType = "com.apple.product-type.application";
		};
/* End PBXNativeTarget section */

/* Begin PBXProject section */
		3B66FEC129FAD14000D26C76 /* Project object */ = {
			isa = PBXProject;
			attributes = {
				BuildIndependentTargetsInParallel = 1;
				LastSwiftUpdateCheck = 1410;
				LastUpgradeCheck = 1410;
				TargetAttributes = {
					3B66FEC829FAD14000D26C76 = {
						CreatedOnToolsVersion = 14.1;
					};
				};
			};
			buildConfigurationList = 3B66FEC429FAD14000D26C76 /* Build configuration list for PBXProject "TMDB App" */;
			compatibilityVersion = "Xcode 14.0";
			developmentRegion = en;
			hasScannedForEncodings = 0;
			knownRegions = (
				en,
				Base,
			);
			mainGroup = 3B66FEC029FAD14000D26C76;
			packageReferences = (
				3B66FEE729FAD35300D26C76 /* XCRemoteSwiftPackageReference "Alamofire" */,
				A560C8392A30B69200B91411 /* XCRemoteSwiftPackageReference "AlamofireImage" */,
				3B481A5B2B1DDEF100C1A4B2 /* XCRemoteSwiftPackageReference "Kingfisher" */,
			);
			productRefGroup = 3B66FECA29FAD14000D26C76 /* Products */;
			projectDirPath = "";
			projectRoot = "";
			targets = (
				3B66FEC829FAD14000D26C76 /* TMDB App */,
			);
		};
/* End PBXProject section */

/* Begin PBXResourcesBuildPhase section */
		3B66FEC729FAD14000D26C76 /* Resources */ = {
			isa = PBXResourcesBuildPhase;
			buildActionMask = 2147483647;
			files = (
				3B66FED929FAD14300D26C76 /* LaunchScreen.storyboard in Resources */,
				3B66FED629FAD14300D26C76 /* Assets.xcassets in Resources */,
				3B66FED429FAD14000D26C76 /* Main.storyboard in Resources */,
			);
			runOnlyForDeploymentPostprocessing = 0;
		};
/* End PBXResourcesBuildPhase section */

/* Begin PBXSourcesBuildPhase section */
		3B66FEC529FAD14000D26C76 /* Sources */ = {
			isa = PBXSourcesBuildPhase;
			buildActionMask = 2147483647;
			files = (
				3BAD454A2BE25CAB0065B0E6 /* WatchlistData.swift in Sources */,
				3BD24C832B5165B300E438C2 /* WatchlistMoviesJSON.swift in Sources */,
				3B66D7212A002F4A008EEA8A /* AccountInfoViewController.swift in Sources */,
				3BDE9D982A797C1A00E102C0 /* GenresMoviesResponse.swift in Sources */,
				3BE93E342A81FAA400DD9939 /* GenresTableViewCell.swift in Sources */,
				3BB31E4D2A59AD6F0071D4EF /* imageLoader.swift in Sources */,
				3B29CBF72A330C4C00466E72 /* TopRatedMoviesJSON.swift in Sources */,
				A560C7E42A1F86EE00B91411 /* Constants.swift in Sources */,
				3B66FEE129FAD1E300D26C76 /* NetworkManager.swift in Sources */,
				3B66D71F2A002F02008EEA8A /* FavoritesViewController.swift in Sources */,
				3BE93E322A81FA8500DD9939 /* ListOfGenresViewController.swift in Sources */,
				3BCD56A12A28C54500495460 /* TrendingMoviesCollectionViewCell.swift in Sources */,
				3B77BEDB2A10CC12001F4E9F /* MoviesCollectionViewCell.swift in Sources */,
				3B2264F62B2867D900103FD3 /* DetailGenresTableViewCell.swift in Sources */,
				3B66FEEC29FAD3D200D26C76 /* RequestTokenResponse.swift in Sources */,
				3BCD569D2A27D10100495460 /* TrendingMoviesJSON.swift in Sources */,
				3B66FEE429FAD27D00D26C76 /* GenresViewController.swift in Sources */,
				3B29CBFC2A3324FB00466E72 /* UpcomingMoviesJSON.swift in Sources */,
				3BCD569F2A28C2B300495460 /* DetailGenresViewController.swift in Sources */,
				3BB4DDA72A3106F9003FACA5 /* UIImageManager.swift in Sources */,
				3BEFEEA42B23744F00E707E8 /* SelectedRegion.swift in Sources */,
				3B29CBF42A330A9400466E72 /* TopRatedCollectionViewCell.swift in Sources */,
				A560C83D2A30B8C100B91411 /* ImageManager.swift in Sources */,
				3B87BA6C2A9B789D0040A580 /* AVPStruct.swift in Sources */,
				3B27581B2A66A8080014130A /* GenresCollectionViewCell.swift in Sources */,
				3B66FEE629FAD28C00D26C76 /* SearchViewController.swift in Sources */,
				3B27581D2A67D7C40014130A /* MoreViewController.swift in Sources */,
				3B018DEA2BDA714B00A21680 /* WatchlistViewController.swift in Sources */,
				3B66FED129FAD14000D26C76 /* WKWebViewController.swift in Sources */,
				3B1A4B122BBD74E6004F6AD4 /* ListOfFavouritesMovies.swift in Sources */,
				3B74BE012A051E0600D6561A /* AccountInfo.swift in Sources */,
				3B018DEC2BDA719700A21680 /* WatchlistCollectionViewCell.swift in Sources */,
				3B940D182BCDA3080080AFB1 /* FoundMovieCollectionViewCell.swift in Sources */,
				3B66FEEF29FE75D300D26C76 /* Response.swift in Sources */,
				3B940D122BCBE8DD0080AFB1 /* FoundMoviesCollectionViewController.swift in Sources */,
				3B74BE032A06F8D800D6561A /* ActivityController .swift in Sources */,
				3B7E8C2E2A0F67BB008396D8 /* FavouritesJSON.swift in Sources */,
				3B29CBFA2A33245500466E72 /* UpcomingMoviesCollectionViewCell.swift in Sources */,
				3B27581F2A67D7F50014130A /* MoreCollectionViewCell.swift in Sources */,
				3B77ABFC2B0E232400357FDF /* CastCollectionViewCell.swift in Sources */,
				3B940D162BCD78870080AFB1 /* FoundMoviesJSON.swift in Sources */,
				3BE328152B0F5F620054BB14 /* CastsJson.swift in Sources */,
				3B66FECD29FAD14000D26C76 /* AppDelegate.swift in Sources */,
				3BB818A42AD84DEF006C689E /* RateViewController.swift in Sources */,
				3B66FECF29FAD14000D26C76 /* SceneDelegate.swift in Sources */,
			);
			runOnlyForDeploymentPostprocessing = 0;
		};
/* End PBXSourcesBuildPhase section */

/* Begin PBXVariantGroup section */
		3B66FED229FAD14000D26C76 /* Main.storyboard */ = {
			isa = PBXVariantGroup;
			children = (
				3B66FED329FAD14000D26C76 /* Base */,
			);
			name = Main.storyboard;
			sourceTree = "<group>";
		};
		3B66FED729FAD14300D26C76 /* LaunchScreen.storyboard */ = {
			isa = PBXVariantGroup;
			children = (
				3B66FED829FAD14300D26C76 /* Base */,
			);
			name = LaunchScreen.storyboard;
			sourceTree = "<group>";
		};
/* End PBXVariantGroup section */

/* Begin XCBuildConfiguration section */
		3B66FEDB29FAD14300D26C76 /* Debug */ = {
			isa = XCBuildConfiguration;
			buildSettings = {
				ALWAYS_SEARCH_USER_PATHS = NO;
				CLANG_ANALYZER_NONNULL = YES;
				CLANG_ANALYZER_NUMBER_OBJECT_CONVERSION = YES_AGGRESSIVE;
				CLANG_CXX_LANGUAGE_STANDARD = "gnu++20";
				CLANG_ENABLE_MODULES = YES;
				CLANG_ENABLE_OBJC_ARC = YES;
				CLANG_ENABLE_OBJC_WEAK = YES;
				CLANG_WARN_BLOCK_CAPTURE_AUTORELEASING = YES;
				CLANG_WARN_BOOL_CONVERSION = YES;
				CLANG_WARN_COMMA = YES;
				CLANG_WARN_CONSTANT_CONVERSION = YES;
				CLANG_WARN_DEPRECATED_OBJC_IMPLEMENTATIONS = YES;
				CLANG_WARN_DIRECT_OBJC_ISA_USAGE = YES_ERROR;
				CLANG_WARN_DOCUMENTATION_COMMENTS = YES;
				CLANG_WARN_EMPTY_BODY = YES;
				CLANG_WARN_ENUM_CONVERSION = YES;
				CLANG_WARN_INFINITE_RECURSION = YES;
				CLANG_WARN_INT_CONVERSION = YES;
				CLANG_WARN_NON_LITERAL_NULL_CONVERSION = YES;
				CLANG_WARN_OBJC_IMPLICIT_RETAIN_SELF = YES;
				CLANG_WARN_OBJC_LITERAL_CONVERSION = YES;
				CLANG_WARN_OBJC_ROOT_CLASS = YES_ERROR;
				CLANG_WARN_QUOTED_INCLUDE_IN_FRAMEWORK_HEADER = YES;
				CLANG_WARN_RANGE_LOOP_ANALYSIS = YES;
				CLANG_WARN_STRICT_PROTOTYPES = YES;
				CLANG_WARN_SUSPICIOUS_MOVE = YES;
				CLANG_WARN_UNGUARDED_AVAILABILITY = YES_AGGRESSIVE;
				CLANG_WARN_UNREACHABLE_CODE = YES;
				CLANG_WARN__DUPLICATE_METHOD_MATCH = YES;
				COPY_PHASE_STRIP = NO;
				DEBUG_INFORMATION_FORMAT = dwarf;
				ENABLE_STRICT_OBJC_MSGSEND = YES;
				ENABLE_TESTABILITY = YES;
				GCC_C_LANGUAGE_STANDARD = gnu11;
				GCC_DYNAMIC_NO_PIC = NO;
				GCC_NO_COMMON_BLOCKS = YES;
				GCC_OPTIMIZATION_LEVEL = 0;
				GCC_PREPROCESSOR_DEFINITIONS = (
					"DEBUG=1",
					"$(inherited)",
				);
				GCC_WARN_64_TO_32_BIT_CONVERSION = YES;
				GCC_WARN_ABOUT_RETURN_TYPE = YES_ERROR;
				GCC_WARN_UNDECLARED_SELECTOR = YES;
				GCC_WARN_UNINITIALIZED_AUTOS = YES_AGGRESSIVE;
				GCC_WARN_UNUSED_FUNCTION = YES;
				GCC_WARN_UNUSED_VARIABLE = YES;
				IPHONEOS_DEPLOYMENT_TARGET = 16.1;
				MTL_ENABLE_DEBUG_INFO = INCLUDE_SOURCE;
				MTL_FAST_MATH = YES;
				ONLY_ACTIVE_ARCH = YES;
				SDKROOT = iphoneos;
				SWIFT_ACTIVE_COMPILATION_CONDITIONS = DEBUG;
				SWIFT_OPTIMIZATION_LEVEL = "-Onone";
			};
			name = Debug;
		};
		3B66FEDC29FAD14300D26C76 /* Release */ = {
			isa = XCBuildConfiguration;
			buildSettings = {
				ALWAYS_SEARCH_USER_PATHS = NO;
				CLANG_ANALYZER_NONNULL = YES;
				CLANG_ANALYZER_NUMBER_OBJECT_CONVERSION = YES_AGGRESSIVE;
				CLANG_CXX_LANGUAGE_STANDARD = "gnu++20";
				CLANG_ENABLE_MODULES = YES;
				CLANG_ENABLE_OBJC_ARC = YES;
				CLANG_ENABLE_OBJC_WEAK = YES;
				CLANG_WARN_BLOCK_CAPTURE_AUTORELEASING = YES;
				CLANG_WARN_BOOL_CONVERSION = YES;
				CLANG_WARN_COMMA = YES;
				CLANG_WARN_CONSTANT_CONVERSION = YES;
				CLANG_WARN_DEPRECATED_OBJC_IMPLEMENTATIONS = YES;
				CLANG_WARN_DIRECT_OBJC_ISA_USAGE = YES_ERROR;
				CLANG_WARN_DOCUMENTATION_COMMENTS = YES;
				CLANG_WARN_EMPTY_BODY = YES;
				CLANG_WARN_ENUM_CONVERSION = YES;
				CLANG_WARN_INFINITE_RECURSION = YES;
				CLANG_WARN_INT_CONVERSION = YES;
				CLANG_WARN_NON_LITERAL_NULL_CONVERSION = YES;
				CLANG_WARN_OBJC_IMPLICIT_RETAIN_SELF = YES;
				CLANG_WARN_OBJC_LITERAL_CONVERSION = YES;
				CLANG_WARN_OBJC_ROOT_CLASS = YES_ERROR;
				CLANG_WARN_QUOTED_INCLUDE_IN_FRAMEWORK_HEADER = YES;
				CLANG_WARN_RANGE_LOOP_ANALYSIS = YES;
				CLANG_WARN_STRICT_PROTOTYPES = YES;
				CLANG_WARN_SUSPICIOUS_MOVE = YES;
				CLANG_WARN_UNGUARDED_AVAILABILITY = YES_AGGRESSIVE;
				CLANG_WARN_UNREACHABLE_CODE = YES;
				CLANG_WARN__DUPLICATE_METHOD_MATCH = YES;
				COPY_PHASE_STRIP = NO;
				DEBUG_INFORMATION_FORMAT = "dwarf-with-dsym";
				ENABLE_NS_ASSERTIONS = NO;
				ENABLE_STRICT_OBJC_MSGSEND = YES;
				GCC_C_LANGUAGE_STANDARD = gnu11;
				GCC_NO_COMMON_BLOCKS = YES;
				GCC_WARN_64_TO_32_BIT_CONVERSION = YES;
				GCC_WARN_ABOUT_RETURN_TYPE = YES_ERROR;
				GCC_WARN_UNDECLARED_SELECTOR = YES;
				GCC_WARN_UNINITIALIZED_AUTOS = YES_AGGRESSIVE;
				GCC_WARN_UNUSED_FUNCTION = YES;
				GCC_WARN_UNUSED_VARIABLE = YES;
				IPHONEOS_DEPLOYMENT_TARGET = 16.1;
				MTL_ENABLE_DEBUG_INFO = NO;
				MTL_FAST_MATH = YES;
				SDKROOT = iphoneos;
				SWIFT_COMPILATION_MODE = wholemodule;
				SWIFT_OPTIMIZATION_LEVEL = "-O";
				VALIDATE_PRODUCT = YES;
			};
			name = Release;
		};
		3B66FEDE29FAD14300D26C76 /* Debug */ = {
			isa = XCBuildConfiguration;
			buildSettings = {
				ASSETCATALOG_COMPILER_APPICON_NAME = AppIcon;
				ASSETCATALOG_COMPILER_GLOBAL_ACCENT_COLOR_NAME = AccentColor;
				CODE_SIGN_STYLE = Automatic;
				CURRENT_PROJECT_VERSION = 1;
				DEVELOPMENT_TEAM = 5J3R85UNX5;
				GENERATE_INFOPLIST_FILE = YES;
				INFOPLIST_FILE = "TMDB App/Info.plist";
				INFOPLIST_KEY_UIApplicationSupportsIndirectInputEvents = YES;
				INFOPLIST_KEY_UILaunchStoryboardName = LaunchScreen;
				INFOPLIST_KEY_UIMainStoryboardFile = Main;
				INFOPLIST_KEY_UISupportedInterfaceOrientations = UIInterfaceOrientationPortrait;
				INFOPLIST_KEY_UISupportedInterfaceOrientations_iPad = "UIInterfaceOrientationLandscapeLeft UIInterfaceOrientationLandscapeRight UIInterfaceOrientationPortrait UIInterfaceOrientationPortraitUpsideDown";
				LD_RUNPATH_SEARCH_PATHS = (
					"$(inherited)",
					"@executable_path/Frameworks",
				);
				MARKETING_VERSION = 1.0;
				PRODUCT_BUNDLE_IDENTIFIER = "Kim-s.TMDB-App";
				PRODUCT_NAME = "$(TARGET_NAME)";
				SWIFT_EMIT_LOC_STRINGS = YES;
				SWIFT_VERSION = 5.0;
				TARGETED_DEVICE_FAMILY = "1,2";
			};
			name = Debug;
		};
		3B66FEDF29FAD14300D26C76 /* Release */ = {
			isa = XCBuildConfiguration;
			buildSettings = {
				ASSETCATALOG_COMPILER_APPICON_NAME = AppIcon;
				ASSETCATALOG_COMPILER_GLOBAL_ACCENT_COLOR_NAME = AccentColor;
				CODE_SIGN_STYLE = Automatic;
				CURRENT_PROJECT_VERSION = 1;
				DEVELOPMENT_TEAM = 5J3R85UNX5;
				GENERATE_INFOPLIST_FILE = YES;
				INFOPLIST_FILE = "TMDB App/Info.plist";
				INFOPLIST_KEY_UIApplicationSupportsIndirectInputEvents = YES;
				INFOPLIST_KEY_UILaunchStoryboardName = LaunchScreen;
				INFOPLIST_KEY_UIMainStoryboardFile = Main;
				INFOPLIST_KEY_UISupportedInterfaceOrientations = UIInterfaceOrientationPortrait;
				INFOPLIST_KEY_UISupportedInterfaceOrientations_iPad = "UIInterfaceOrientationLandscapeLeft UIInterfaceOrientationLandscapeRight UIInterfaceOrientationPortrait UIInterfaceOrientationPortraitUpsideDown";
				LD_RUNPATH_SEARCH_PATHS = (
					"$(inherited)",
					"@executable_path/Frameworks",
				);
				MARKETING_VERSION = 1.0;
				PRODUCT_BUNDLE_IDENTIFIER = "Kim-s.TMDB-App";
				PRODUCT_NAME = "$(TARGET_NAME)";
				SWIFT_EMIT_LOC_STRINGS = YES;
				SWIFT_VERSION = 5.0;
				TARGETED_DEVICE_FAMILY = "1,2";
			};
			name = Release;
		};
/* End XCBuildConfiguration section */

/* Begin XCConfigurationList section */
		3B66FEC429FAD14000D26C76 /* Build configuration list for PBXProject "TMDB App" */ = {
			isa = XCConfigurationList;
			buildConfigurations = (
				3B66FEDB29FAD14300D26C76 /* Debug */,
				3B66FEDC29FAD14300D26C76 /* Release */,
			);
			defaultConfigurationIsVisible = 0;
			defaultConfigurationName = Release;
		};
		3B66FEDD29FAD14300D26C76 /* Build configuration list for PBXNativeTarget "TMDB App" */ = {
			isa = XCConfigurationList;
			buildConfigurations = (
				3B66FEDE29FAD14300D26C76 /* Debug */,
				3B66FEDF29FAD14300D26C76 /* Release */,
			);
			defaultConfigurationIsVisible = 0;
			defaultConfigurationName = Release;
		};
/* End XCConfigurationList section */

/* Begin XCRemoteSwiftPackageReference section */
		3B481A5B2B1DDEF100C1A4B2 /* XCRemoteSwiftPackageReference "Kingfisher" */ = {
			isa = XCRemoteSwiftPackageReference;
			repositoryURL = "https://github.com/onevcat/Kingfisher.git";
			requirement = {
				kind = upToNextMajorVersion;
				minimumVersion = 7.10.0;
			};
		};
		3B66FEE729FAD35300D26C76 /* XCRemoteSwiftPackageReference "Alamofire" */ = {
			isa = XCRemoteSwiftPackageReference;
			repositoryURL = "https://github.com/Alamofire/Alamofire.git";
			requirement = {
				kind = upToNextMajorVersion;
				minimumVersion = 5.0.0;
			};
		};
		A560C8392A30B69200B91411 /* XCRemoteSwiftPackageReference "AlamofireImage" */ = {
			isa = XCRemoteSwiftPackageReference;
			repositoryURL = "https://github.com/Alamofire/AlamofireImage.git";
			requirement = {
				kind = upToNextMajorVersion;
				minimumVersion = 4.0.0;
			};
		};
/* End XCRemoteSwiftPackageReference section */

/* Begin XCSwiftPackageProductDependency section */
		3B481A5C2B1DDEF100C1A4B2 /* Kingfisher */ = {
			isa = XCSwiftPackageProductDependency;
			package = 3B481A5B2B1DDEF100C1A4B2 /* XCRemoteSwiftPackageReference "Kingfisher" */;
			productName = Kingfisher;
		};
		3B66FEE829FAD35300D26C76 /* Alamofire */ = {
			isa = XCSwiftPackageProductDependency;
			package = 3B66FEE729FAD35300D26C76 /* XCRemoteSwiftPackageReference "Alamofire" */;
			productName = Alamofire;
		};
		3B806F132AE5A3C4005A6CE8 /* AlamofireImage */ = {
			isa = XCSwiftPackageProductDependency;
			productName = AlamofireImage;
		};
		A560C83A2A30B69200B91411 /* AlamofireImage */ = {
			isa = XCSwiftPackageProductDependency;
			package = A560C8392A30B69200B91411 /* XCRemoteSwiftPackageReference "AlamofireImage" */;
			productName = AlamofireImage;
		};
/* End XCSwiftPackageProductDependency section */
	};
	rootObject = 3B66FEC129FAD14000D26C76 /* Project object */;
}
